
Microsoft Visual Studio Solution File, Format Version 12.00
# Visual Studio 2012
Project("{FAE04EC0-301F-11D3-BF4B-00C04F79EFBC}") = "programJeuBarbotte", "programJeuBarbotte\programJeuBarbotte.csproj", "{4891EDEA-B1C9-4ECD-90C9-40A3B3AAE0CB}"
EndProject
Global
	GlobalSection(SolutionConfigurationPlatforms) = preSolution
		Debug|Any CPU = Debug|Any CPU
		Release|Any CPU = Release|Any CPU
	EndGlobalSection
	GlobalSection(ProjectConfigurationPlatforms) = postSolution
		{4891EDEA-B1C9-4ECD-90C9-40A3B3AAE0CB}.Debug|Any CPU.ActiveCfg = Debug|Any CPU
		{4891EDEA-B1C9-4ECD-90C9-40A3B3AAE0CB}.Debug|Any CPU.Build.0 = Debug|Any CPU
		{4891EDEA-B1C9-4ECD-90C9-40A3B3AAE0CB}.Release|Any CPU.ActiveCfg = Release|Any CPU
		{4891EDEA-B1C9-4ECD-90C9-40A3B3AAE0CB}.Release|Any CPU.Build.0 = Release|Any CPU
	EndGlobalSection
	GlobalSection(SolutionProperties) = preSolution
		HideSolutionNode = FALSE
	EndGlobalSection
EndGlobal
